
Microsoft Visual Studio Solution File, Format Version 12.00
# Visual Studio Version 17
VisualStudioVersion = 17.0.31903.59
MinimumVisualStudioVersion = 10.0.40219.1
Project("{2150E333-8FDC-42A3-9474-1A3956D46DE8}") = "src", "src", "{C2AE2F91-E501-467E-B311-C6E82779AB2F}"
EndProject
Project("{FAE04EC0-301F-11D3-BF4B-00C04F79EFBC}") = "AuctionService", "src\AuctionService\AuctionService.csproj", "{B886315C-15A1-4C76-9F9B-A5CBAF279FB5}"
EndProject
Project("{FAE04EC0-301F-11D3-BF4B-00C04F79EFBC}") = "SearchService", "src\SearchService\SearchService.csproj", "{60D623C5-53E3-4912-99A1-87A0C6DA691B}"
EndProject
Project("{FAE04EC0-301F-11D3-BF4B-00C04F79EFBC}") = "Contracts", "src\Contracts\Contracts.csproj", "{99CB60EA-0A8B-4E1C-BD9D-192FB7F0695C}"
EndProject
Project("{FAE04EC0-301F-11D3-BF4B-00C04F79EFBC}") = "IdentityService", "src\IdentityService\IdentityService.csproj", "{325C8DF4-7575-477F-8E4D-5650AEF973A6}"
EndProject
Global
	GlobalSection(SolutionConfigurationPlatforms) = preSolution
		Debug|Any CPU = Debug|Any CPU
		Release|Any CPU = Release|Any CPU
	EndGlobalSection
	GlobalSection(SolutionProperties) = preSolution
		HideSolutionNode = FALSE
	EndGlobalSection
	GlobalSection(ProjectConfigurationPlatforms) = postSolution
		{B886315C-15A1-4C76-9F9B-A5CBAF279FB5}.Debug|Any CPU.ActiveCfg = Debug|Any CPU
		{B886315C-15A1-4C76-9F9B-A5CBAF279FB5}.Debug|Any CPU.Build.0 = Debug|Any CPU
		{B886315C-15A1-4C76-9F9B-A5CBAF279FB5}.Release|Any CPU.ActiveCfg = Release|Any CPU
		{B886315C-15A1-4C76-9F9B-A5CBAF279FB5}.Release|Any CPU.Build.0 = Release|Any CPU
		{60D623C5-53E3-4912-99A1-87A0C6DA691B}.Debug|Any CPU.ActiveCfg = Debug|Any CPU
		{60D623C5-53E3-4912-99A1-87A0C6DA691B}.Debug|Any CPU.Build.0 = Debug|Any CPU
		{60D623C5-53E3-4912-99A1-87A0C6DA691B}.Release|Any CPU.ActiveCfg = Release|Any CPU
		{60D623C5-53E3-4912-99A1-87A0C6DA691B}.Release|Any CPU.Build.0 = Release|Any CPU
		{99CB60EA-0A8B-4E1C-BD9D-192FB7F0695C}.Debug|Any CPU.ActiveCfg = Debug|Any CPU
		{99CB60EA-0A8B-4E1C-BD9D-192FB7F0695C}.Debug|Any CPU.Build.0 = Debug|Any CPU
		{99CB60EA-0A8B-4E1C-BD9D-192FB7F0695C}.Release|Any CPU.ActiveCfg = Release|Any CPU
		{99CB60EA-0A8B-4E1C-BD9D-192FB7F0695C}.Release|Any CPU.Build.0 = Release|Any CPU
		{325C8DF4-7575-477F-8E4D-5650AEF973A6}.Debug|Any CPU.ActiveCfg = Debug|Any CPU
		{325C8DF4-7575-477F-8E4D-5650AEF973A6}.Debug|Any CPU.Build.0 = Debug|Any CPU
		{325C8DF4-7575-477F-8E4D-5650AEF973A6}.Release|Any CPU.ActiveCfg = Release|Any CPU
		{325C8DF4-7575-477F-8E4D-5650AEF973A6}.Release|Any CPU.Build.0 = Release|Any CPU
	EndGlobalSection
	GlobalSection(NestedProjects) = preSolution
		{B886315C-15A1-4C76-9F9B-A5CBAF279FB5} = {C2AE2F91-E501-467E-B311-C6E82779AB2F}
		{60D623C5-53E3-4912-99A1-87A0C6DA691B} = {C2AE2F91-E501-467E-B311-C6E82779AB2F}
		{99CB60EA-0A8B-4E1C-BD9D-192FB7F0695C} = {C2AE2F91-E501-467E-B311-C6E82779AB2F}
		{325C8DF4-7575-477F-8E4D-5650AEF973A6} = {C2AE2F91-E501-467E-B311-C6E82779AB2F}
	EndGlobalSection
EndGlobal
